
Microsoft Visual Studio Solution File, Format Version 12.00
# Visual Studio Version 17
VisualStudioVersion = 17.5.002.0
MinimumVisualStudioVersion = 10.0.40219.1
Project("{2150E333-8FDC-42A3-9474-1A3956D46DE8}") = "test", "test", "{4B1BAFA0-8986-4E2D-B14D-CD6C15305570}"
EndProject
Project("{9A19103F-16F7-4668-BE54-9A1E7A4F7556}") = "aspnetapp", "test\dotnet-aspire\aspnetapp.csproj", "{FDC85142-AC86-4D39-B8C4-09E525E2F3EB}"
EndProject
Project("{9A19103F-16F7-4668-BE54-9A1E7A4F7556}") = "aspnetapp (1)", "test\dotnet\aspnetapp.csproj", "{C095D962-BC5E-4FE2-ABF1-3AAA2D3676DF}"
EndProject
Global
	GlobalSection(SolutionConfigurationPlatforms) = preSolution
		Debug|Any CPU = Debug|Any CPU
		Release|Any CPU = Release|Any CPU
	EndGlobalSection
	GlobalSection(ProjectConfigurationPlatforms) = postSolution
		{FDC85142-AC86-4D39-B8C4-09E525E2F3EB}.Debug|Any CPU.ActiveCfg = Debug|Any CPU
		{FDC85142-AC86-4D39-B8C4-09E525E2F3EB}.Debug|Any CPU.Build.0 = Debug|Any CPU
		{FDC85142-AC86-4D39-B8C4-09E525E2F3EB}.Release|Any CPU.ActiveCfg = Release|Any CPU
		{FDC85142-AC86-4D39-B8C4-09E525E2F3EB}.Release|Any CPU.Build.0 = Release|Any CPU
		{C095D962-BC5E-4FE2-ABF1-3AAA2D3676DF}.Debug|Any CPU.ActiveCfg = Debug|Any CPU
		{C095D962-BC5E-4FE2-ABF1-3AAA2D3676DF}.Debug|Any CPU.Build.0 = Debug|Any CPU
		{C095D962-BC5E-4FE2-ABF1-3AAA2D3676DF}.Release|Any CPU.ActiveCfg = Release|Any CPU
		{C095D962-BC5E-4FE2-ABF1-3AAA2D3676DF}.Release|Any CPU.Build.0 = Release|Any CPU
	EndGlobalSection
	GlobalSection(SolutionProperties) = preSolution
		HideSolutionNode = FALSE
	EndGlobalSection
	GlobalSection(NestedProjects) = preSolution
		{FDC85142-AC86-4D39-B8C4-09E525E2F3EB} = {4B1BAFA0-8986-4E2D-B14D-CD6C15305570}
		{C095D962-BC5E-4FE2-ABF1-3AAA2D3676DF} = {4B1BAFA0-8986-4E2D-B14D-CD6C15305570}
	EndGlobalSection
	GlobalSection(ExtensibilityGlobals) = postSolution
		SolutionGuid = {191630AC-97DA-4303-B094-C834956554B5}
	EndGlobalSection
EndGlobal
