
Microsoft Visual Studio Solution File, Format Version 12.00
# Visual Studio Version 17
VisualStudioVersion = 17.5.002.0
MinimumVisualStudioVersion = 10.0.40219.1
Project("{2150E333-8FDC-42A3-9474-1A3956D46DE8}") = "test", "test", "{07C17DE5-5AE4-4D01-A0A2-63554579AE4C}"
EndProject
Project("{9A19103F-16F7-4668-BE54-9A1E7A4F7556}") = "aspnetapp", "test\dotnet\aspnetapp.csproj", "{6EF5785E-0499-4269-85BA-EB440EEEF3C6}"
EndProject
Project("{9A19103F-16F7-4668-BE54-9A1E7A4F7556}") = "aspnetapp (1)", "test\dotnet-aspire\aspnetapp.csproj", "{03338BAB-2DBA-401A-90C0-5E1C0171F0F0}"
EndProject
Global
	GlobalSection(SolutionConfigurationPlatforms) = preSolution
		Debug|Any CPU = Debug|Any CPU
		Release|Any CPU = Release|Any CPU
	EndGlobalSection
	GlobalSection(ProjectConfigurationPlatforms) = postSolution
		{6EF5785E-0499-4269-85BA-EB440EEEF3C6}.Debug|Any CPU.ActiveCfg = Debug|Any CPU
		{6EF5785E-0499-4269-85BA-EB440EEEF3C6}.Debug|Any CPU.Build.0 = Debug|Any CPU
		{6EF5785E-0499-4269-85BA-EB440EEEF3C6}.Release|Any CPU.ActiveCfg = Release|Any CPU
		{6EF5785E-0499-4269-85BA-EB440EEEF3C6}.Release|Any CPU.Build.0 = Release|Any CPU
		{03338BAB-2DBA-401A-90C0-5E1C0171F0F0}.Debug|Any CPU.ActiveCfg = Debug|Any CPU
		{03338BAB-2DBA-401A-90C0-5E1C0171F0F0}.Debug|Any CPU.Build.0 = Debug|Any CPU
		{03338BAB-2DBA-401A-90C0-5E1C0171F0F0}.Release|Any CPU.ActiveCfg = Release|Any CPU
		{03338BAB-2DBA-401A-90C0-5E1C0171F0F0}.Release|Any CPU.Build.0 = Release|Any CPU
	EndGlobalSection
	GlobalSection(SolutionProperties) = preSolution
		HideSolutionNode = FALSE
	EndGlobalSection
	GlobalSection(NestedProjects) = preSolution
		{6EF5785E-0499-4269-85BA-EB440EEEF3C6} = {07C17DE5-5AE4-4D01-A0A2-63554579AE4C}
		{03338BAB-2DBA-401A-90C0-5E1C0171F0F0} = {07C17DE5-5AE4-4D01-A0A2-63554579AE4C}
	EndGlobalSection
	GlobalSection(ExtensibilityGlobals) = postSolution
		SolutionGuid = {24F499CE-A21F-4330-80AE-6EDD37FAE917}
	EndGlobalSection
EndGlobal
